// !$*UTF8*$!
{
	archiveVersion = 1;
	classes = {
	};
	objectVersion = 55;
	objects = {

/* Begin PBXBuildFile section */
		6E438C22288A8B11006A6928 /* AppDelegate.swift in Sources */ = {isa = PBXBuildFile; fileRef = 6E438C21288A8B11006A6928 /* AppDelegate.swift */; };
		6E438C24288A8B11006A6928 /* SceneDelegate.swift in Sources */ = {isa = PBXBuildFile; fileRef = 6E438C23288A8B11006A6928 /* SceneDelegate.swift */; };
		6E438C26288A8B11006A6928 /* MainVC.swift in Sources */ = {isa = PBXBuildFile; fileRef = 6E438C25288A8B11006A6928 /* MainVC.swift */; };
		6E438C29288A8B12006A6928 /* Main.storyboard in Resources */ = {isa = PBXBuildFile; fileRef = 6E438C27288A8B12006A6928 /* Main.storyboard */; };
		6E438C2C288A8B12006A6928 /* lloydweatherapp.xcdatamodeld in Sources */ = {isa = PBXBuildFile; fileRef = 6E438C2A288A8B12006A6928 /* lloydweatherapp.xcdatamodeld */; };
		6E438C2E288A8B19006A6928 /* Assets.xcassets in Resources */ = {isa = PBXBuildFile; fileRef = 6E438C2D288A8B19006A6928 /* Assets.xcassets */; };
		6E438C31288A8B19006A6928 /* LaunchScreen.storyboard in Resources */ = {isa = PBXBuildFile; fileRef = 6E438C2F288A8B19006A6928 /* LaunchScreen.storyboard */; };
		6E438C3C288A8B1A006A6928 /* lloydweatherappTests.swift in Sources */ = {isa = PBXBuildFile; fileRef = 6E438C3B288A8B1A006A6928 /* lloydweatherappTests.swift */; };
		6E438C46288A8B1A006A6928 /* lloydweatherappUITests.swift in Sources */ = {isa = PBXBuildFile; fileRef = 6E438C45288A8B1A006A6928 /* lloydweatherappUITests.swift */; };
		6E438C48288A8B1A006A6928 /* lloydweatherappUITestsLaunchTests.swift in Sources */ = {isa = PBXBuildFile; fileRef = 6E438C47288A8B1A006A6928 /* lloydweatherappUITestsLaunchTests.swift */; };
		6E438C57288A99B3006A6928 /* Constants.swift in Sources */ = {isa = PBXBuildFile; fileRef = 6E438C56288A99B3006A6928 /* Constants.swift */; };
		6EBCAFAF288BC14700ED37A9 /* ForecastView.swift in Sources */ = {isa = PBXBuildFile; fileRef = 6EBCAFAE288BC14700ED37A9 /* ForecastView.swift */; };
		6EBCAFB2288BF62B00ED37A9 /* WeatherCalls.swift in Sources */ = {isa = PBXBuildFile; fileRef = 6EBCAFB1288BF62A00ED37A9 /* WeatherCalls.swift */; };
		6EBCAFB4288BF77600ED37A9 /* Weather.swift in Sources */ = {isa = PBXBuildFile; fileRef = 6EBCAFB3288BF77600ED37A9 /* Weather.swift */; };
		6EBCAFB6288C2AEA00ED37A9 /* CallService.swift in Sources */ = {isa = PBXBuildFile; fileRef = 6EBCAFB5288C2AEA00ED37A9 /* CallService.swift */; };
/* End PBXBuildFile section */

/* Begin PBXContainerItemProxy section */
		6E438C38288A8B1A006A6928 /* PBXContainerItemProxy */ = {
			isa = PBXContainerItemProxy;
			containerPortal = 6E438C16288A8B11006A6928 /* Project object */;
			proxyType = 1;
			remoteGlobalIDString = 6E438C1D288A8B11006A6928;
			remoteInfo = lloydweatherapp;
		};
		6E438C42288A8B1A006A6928 /* PBXContainerItemProxy */ = {
			isa = PBXContainerItemProxy;
			containerPortal = 6E438C16288A8B11006A6928 /* Project object */;
			proxyType = 1;
			remoteGlobalIDString = 6E438C1D288A8B11006A6928;
			remoteInfo = lloydweatherapp;
		};
/* End PBXContainerItemProxy section */

/* Begin PBXFileReference section */
		6E438C1E288A8B11006A6928 /* lloydweatherapp.app */ = {isa = PBXFileReference; explicitFileType = wrapper.application; includeInIndex = 0; path = lloydweatherapp.app; sourceTree = BUILT_PRODUCTS_DIR; };
		6E438C21288A8B11006A6928 /* AppDelegate.swift */ = {isa = PBXFileReference; lastKnownFileType = sourcecode.swift; path = AppDelegate.swift; sourceTree = "<group>"; };
		6E438C23288A8B11006A6928 /* SceneDelegate.swift */ = {isa = PBXFileReference; lastKnownFileType = sourcecode.swift; path = SceneDelegate.swift; sourceTree = "<group>"; };
		6E438C25288A8B11006A6928 /* MainVC.swift */ = {isa = PBXFileReference; lastKnownFileType = sourcecode.swift; path = MainVC.swift; sourceTree = "<group>"; };
		6E438C28288A8B12006A6928 /* Base */ = {isa = PBXFileReference; lastKnownFileType = file.storyboard; name = Base; path = Base.lproj/Main.storyboard; sourceTree = "<group>"; };
		6E438C2B288A8B12006A6928 /* lloydweatherapp.xcdatamodel */ = {isa = PBXFileReference; lastKnownFileType = wrapper.xcdatamodel; path = lloydweatherapp.xcdatamodel; sourceTree = "<group>"; };
		6E438C2D288A8B19006A6928 /* Assets.xcassets */ = {isa = PBXFileReference; lastKnownFileType = folder.assetcatalog; path = Assets.xcassets; sourceTree = "<group>"; };
		6E438C30288A8B19006A6928 /* Base */ = {isa = PBXFileReference; lastKnownFileType = file.storyboard; name = Base; path = Base.lproj/LaunchScreen.storyboard; sourceTree = "<group>"; };
		6E438C32288A8B19006A6928 /* Info.plist */ = {isa = PBXFileReference; lastKnownFileType = text.plist.xml; path = Info.plist; sourceTree = "<group>"; };
		6E438C37288A8B1A006A6928 /* lloydweatherappTests.xctest */ = {isa = PBXFileReference; explicitFileType = wrapper.cfbundle; includeInIndex = 0; path = lloydweatherappTests.xctest; sourceTree = BUILT_PRODUCTS_DIR; };
		6E438C3B288A8B1A006A6928 /* lloydweatherappTests.swift */ = {isa = PBXFileReference; lastKnownFileType = sourcecode.swift; path = lloydweatherappTests.swift; sourceTree = "<group>"; };
		6E438C41288A8B1A006A6928 /* lloydweatherappUITests.xctest */ = {isa = PBXFileReference; explicitFileType = wrapper.cfbundle; includeInIndex = 0; path = lloydweatherappUITests.xctest; sourceTree = BUILT_PRODUCTS_DIR; };
		6E438C45288A8B1A006A6928 /* lloydweatherappUITests.swift */ = {isa = PBXFileReference; lastKnownFileType = sourcecode.swift; path = lloydweatherappUITests.swift; sourceTree = "<group>"; };
		6E438C47288A8B1A006A6928 /* lloydweatherappUITestsLaunchTests.swift */ = {isa = PBXFileReference; lastKnownFileType = sourcecode.swift; path = lloydweatherappUITestsLaunchTests.swift; sourceTree = "<group>"; };
		6E438C56288A99B3006A6928 /* Constants.swift */ = {isa = PBXFileReference; lastKnownFileType = sourcecode.swift; path = Constants.swift; sourceTree = "<group>"; };
		6EBCAFAE288BC14700ED37A9 /* ForecastView.swift */ = {isa = PBXFileReference; lastKnownFileType = sourcecode.swift; path = ForecastView.swift; sourceTree = "<group>"; };
		6EBCAFB1288BF62A00ED37A9 /* WeatherCalls.swift */ = {isa = PBXFileReference; lastKnownFileType = sourcecode.swift; path = WeatherCalls.swift; sourceTree = "<group>"; };
		6EBCAFB3288BF77600ED37A9 /* Weather.swift */ = {isa = PBXFileReference; lastKnownFileType = sourcecode.swift; path = Weather.swift; sourceTree = "<group>"; };
		6EBCAFB5288C2AEA00ED37A9 /* CallService.swift */ = {isa = PBXFileReference; lastKnownFileType = sourcecode.swift; path = CallService.swift; sourceTree = "<group>"; };
/* End PBXFileReference section */

/* Begin PBXFrameworksBuildPhase section */
		6E438C1B288A8B11006A6928 /* Frameworks */ = {
			isa = PBXFrameworksBuildPhase;
			buildActionMask = 2147483647;
			files = (
			);
			runOnlyForDeploymentPostprocessing = 0;
		};
		6E438C34288A8B1A006A6928 /* Frameworks */ = {
			isa = PBXFrameworksBuildPhase;
			buildActionMask = 2147483647;
			files = (
			);
			runOnlyForDeploymentPostprocessing = 0;
		};
		6E438C3E288A8B1A006A6928 /* Frameworks */ = {
			isa = PBXFrameworksBuildPhase;
			buildActionMask = 2147483647;
			files = (
			);
			runOnlyForDeploymentPostprocessing = 0;
		};
/* End PBXFrameworksBuildPhase section */

/* Begin PBXGroup section */
		6E438C15288A8B11006A6928 = {
			isa = PBXGroup;
			children = (
				6E438C20288A8B11006A6928 /* lloydweatherapp */,
				6E438C3A288A8B1A006A6928 /* lloydweatherappTests */,
				6E438C44288A8B1A006A6928 /* lloydweatherappUITests */,
				6E438C1F288A8B11006A6928 /* Products */,
			);
			sourceTree = "<group>";
		};
		6E438C1F288A8B11006A6928 /* Products */ = {
			isa = PBXGroup;
			children = (
				6E438C1E288A8B11006A6928 /* lloydweatherapp.app */,
				6E438C37288A8B1A006A6928 /* lloydweatherappTests.xctest */,
				6E438C41288A8B1A006A6928 /* lloydweatherappUITests.xctest */,
			);
			name = Products;
			sourceTree = "<group>";
		};
		6E438C20288A8B11006A6928 /* lloydweatherapp */ = {
			isa = PBXGroup;
			children = (
				6EBCAFB0288BF5E400ED37A9 /* network */,
				6EBCAFA9288B4AF900ED37A9 /* view */,
				6E438C55288A989E006A6928 /* models */,
				6E438C54288A987D006A6928 /* controller */,
				6E438C21288A8B11006A6928 /* AppDelegate.swift */,
				6E438C23288A8B11006A6928 /* SceneDelegate.swift */,
				6E438C27288A8B12006A6928 /* Main.storyboard */,
				6E438C2D288A8B19006A6928 /* Assets.xcassets */,
				6E438C2F288A8B19006A6928 /* LaunchScreen.storyboard */,
				6E438C32288A8B19006A6928 /* Info.plist */,
				6E438C2A288A8B12006A6928 /* lloydweatherapp.xcdatamodeld */,
				6E438C56288A99B3006A6928 /* Constants.swift */,
			);
			path = lloydweatherapp;
			sourceTree = "<group>";
		};
		6E438C3A288A8B1A006A6928 /* lloydweatherappTests */ = {
			isa = PBXGroup;
			children = (
				6E438C3B288A8B1A006A6928 /* lloydweatherappTests.swift */,
			);
			path = lloydweatherappTests;
			sourceTree = "<group>";
		};
		6E438C44288A8B1A006A6928 /* lloydweatherappUITests */ = {
			isa = PBXGroup;
			children = (
				6E438C45288A8B1A006A6928 /* lloydweatherappUITests.swift */,
				6E438C47288A8B1A006A6928 /* lloydweatherappUITestsLaunchTests.swift */,
			);
			path = lloydweatherappUITests;
			sourceTree = "<group>";
		};
		6E438C54288A987D006A6928 /* controller */ = {
			isa = PBXGroup;
			children = (
				6E438C25288A8B11006A6928 /* MainVC.swift */,
			);
			path = controller;
			sourceTree = "<group>";
		};
		6E438C55288A989E006A6928 /* models */ = {
			isa = PBXGroup;
			children = (
				6EBCAFB3288BF77600ED37A9 /* Weather.swift */,
			);
			path = models;
			sourceTree = "<group>";
		};
		6EBCAFA9288B4AF900ED37A9 /* view */ = {
			isa = PBXGroup;
			children = (
				6EBCAFAE288BC14700ED37A9 /* ForecastView.swift */,
			);
			path = view;
			sourceTree = "<group>";
		};
		6EBCAFB0288BF5E400ED37A9 /* network */ = {
			isa = PBXGroup;
			children = (
				6EBCAFB1288BF62A00ED37A9 /* WeatherCalls.swift */,
				6EBCAFB5288C2AEA00ED37A9 /* CallService.swift */,
			);
			path = network;
			sourceTree = "<group>";
		};
/* End PBXGroup section */

/* Begin PBXNativeTarget section */
		6E438C1D288A8B11006A6928 /* lloydweatherapp */ = {
			isa = PBXNativeTarget;
			buildConfigurationList = 6E438C4B288A8B1A006A6928 /* Build configuration list for PBXNativeTarget "lloydweatherapp" */;
			buildPhases = (
				6E438C1A288A8B11006A6928 /* Sources */,
				6E438C1B288A8B11006A6928 /* Frameworks */,
				6E438C1C288A8B11006A6928 /* Resources */,
			);
			buildRules = (
			);
			dependencies = (
			);
			name = lloydweatherapp;
			productName = lloydweatherapp;
			productReference = 6E438C1E288A8B11006A6928 /* lloydweatherapp.app */;
			productType = "com.apple.product-type.application";
		};
		6E438C36288A8B1A006A6928 /* lloydweatherappTests */ = {
			isa = PBXNativeTarget;
			buildConfigurationList = 6E438C4E288A8B1A006A6928 /* Build configuration list for PBXNativeTarget "lloydweatherappTests" */;
			buildPhases = (
				6E438C33288A8B1A006A6928 /* Sources */,
				6E438C34288A8B1A006A6928 /* Frameworks */,
				6E438C35288A8B1A006A6928 /* Resources */,
			);
			buildRules = (
			);
			dependencies = (
				6E438C39288A8B1A006A6928 /* PBXTargetDependency */,
			);
			name = lloydweatherappTests;
			productName = lloydweatherappTests;
			productReference = 6E438C37288A8B1A006A6928 /* lloydweatherappTests.xctest */;
			productType = "com.apple.product-type.bundle.unit-test";
		};
		6E438C40288A8B1A006A6928 /* lloydweatherappUITests */ = {
			isa = PBXNativeTarget;
			buildConfigurationList = 6E438C51288A8B1A006A6928 /* Build configuration list for PBXNativeTarget "lloydweatherappUITests" */;
			buildPhases = (
				6E438C3D288A8B1A006A6928 /* Sources */,
				6E438C3E288A8B1A006A6928 /* Frameworks */,
				6E438C3F288A8B1A006A6928 /* Resources */,
			);
			buildRules = (
			);
			dependencies = (
				6E438C43288A8B1A006A6928 /* PBXTargetDependency */,
			);
			name = lloydweatherappUITests;
			productName = lloydweatherappUITests;
			productReference = 6E438C41288A8B1A006A6928 /* lloydweatherappUITests.xctest */;
			productType = "com.apple.product-type.bundle.ui-testing";
		};
/* End PBXNativeTarget section */

/* Begin PBXProject section */
		6E438C16288A8B11006A6928 /* Project object */ = {
			isa = PBXProject;
			attributes = {
				BuildIndependentTargetsInParallel = 1;
				LastSwiftUpdateCheck = 1320;
				LastUpgradeCheck = 1320;
				TargetAttributes = {
					6E438C1D288A8B11006A6928 = {
						CreatedOnToolsVersion = 13.2.1;
					};
					6E438C36288A8B1A006A6928 = {
						CreatedOnToolsVersion = 13.2.1;
						TestTargetID = 6E438C1D288A8B11006A6928;
					};
					6E438C40288A8B1A006A6928 = {
						CreatedOnToolsVersion = 13.2.1;
						TestTargetID = 6E438C1D288A8B11006A6928;
					};
				};
			};
			buildConfigurationList = 6E438C19288A8B11006A6928 /* Build configuration list for PBXProject "lloydweatherapp" */;
			compatibilityVersion = "Xcode 13.0";
			developmentRegion = en;
			hasScannedForEncodings = 0;
			knownRegions = (
				en,
				Base,
			);
			mainGroup = 6E438C15288A8B11006A6928;
			productRefGroup = 6E438C1F288A8B11006A6928 /* Products */;
			projectDirPath = "";
			projectRoot = "";
			targets = (
				6E438C1D288A8B11006A6928 /* lloydweatherapp */,
				6E438C36288A8B1A006A6928 /* lloydweatherappTests */,
				6E438C40288A8B1A006A6928 /* lloydweatherappUITests */,
			);
		};
/* End PBXProject section */

/* Begin PBXResourcesBuildPhase section */
		6E438C1C288A8B11006A6928 /* Resources */ = {
			isa = PBXResourcesBuildPhase;
			buildActionMask = 2147483647;
			files = (
				6E438C31288A8B19006A6928 /* LaunchScreen.storyboard in Resources */,
				6E438C2E288A8B19006A6928 /* Assets.xcassets in Resources */,
				6E438C29288A8B12006A6928 /* Main.storyboard in Resources */,
			);
			runOnlyForDeploymentPostprocessing = 0;
		};
		6E438C35288A8B1A006A6928 /* Resources */ = {
			isa = PBXResourcesBuildPhase;
			buildActionMask = 2147483647;
			files = (
			);
			runOnlyForDeploymentPostprocessing = 0;
		};
		6E438C3F288A8B1A006A6928 /* Resources */ = {
			isa = PBXResourcesBuildPhase;
			buildActionMask = 2147483647;
			files = (
			);
			runOnlyForDeploymentPostprocessing = 0;
		};
/* End PBXResourcesBuildPhase section */

/* Begin PBXSourcesBuildPhase section */
		6E438C1A288A8B11006A6928 /* Sources */ = {
			isa = PBXSourcesBuildPhase;
			buildActionMask = 2147483647;
			files = (
				6E438C57288A99B3006A6928 /* Constants.swift in Sources */,
				6E438C26288A8B11006A6928 /* MainVC.swift in Sources */,
				6EBCAFB4288BF77600ED37A9 /* Weather.swift in Sources */,
				6EBCAFB2288BF62B00ED37A9 /* WeatherCalls.swift in Sources */,
				6E438C2C288A8B12006A6928 /* lloydweatherapp.xcdatamodeld in Sources */,
				6E438C22288A8B11006A6928 /* AppDelegate.swift in Sources */,
				6E438C24288A8B11006A6928 /* SceneDelegate.swift in Sources */,
				6EBCAFAF288BC14700ED37A9 /* ForecastView.swift in Sources */,
				6EBCAFB6288C2AEA00ED37A9 /* CallService.swift in Sources */,
			);
			runOnlyForDeploymentPostprocessing = 0;
		};
		6E438C33288A8B1A006A6928 /* Sources */ = {
			isa = PBXSourcesBuildPhase;
			buildActionMask = 2147483647;
			files = (
				6E438C3C288A8B1A006A6928 /* lloydweatherappTests.swift in Sources */,
			);
			runOnlyForDeploymentPostprocessing = 0;
		};
		6E438C3D288A8B1A006A6928 /* Sources */ = {
			isa = PBXSourcesBuildPhase;
			buildActionMask = 2147483647;
			files = (
				6E438C48288A8B1A006A6928 /* lloydweatherappUITestsLaunchTests.swift in Sources */,
				6E438C46288A8B1A006A6928 /* lloydweatherappUITests.swift in Sources */,
			);
			runOnlyForDeploymentPostprocessing = 0;
		};
/* End PBXSourcesBuildPhase section */

/* Begin PBXTargetDependency section */
		6E438C39288A8B1A006A6928 /* PBXTargetDependency */ = {
			isa = PBXTargetDependency;
			target = 6E438C1D288A8B11006A6928 /* lloydweatherapp */;
			targetProxy = 6E438C38288A8B1A006A6928 /* PBXContainerItemProxy */;
		};
		6E438C43288A8B1A006A6928 /* PBXTargetDependency */ = {
			isa = PBXTargetDependency;
			target = 6E438C1D288A8B11006A6928 /* lloydweatherapp */;
			targetProxy = 6E438C42288A8B1A006A6928 /* PBXContainerItemProxy */;
		};
/* End PBXTargetDependency section */

/* Begin PBXVariantGroup section */
		6E438C27288A8B12006A6928 /* Main.storyboard */ = {
			isa = PBXVariantGroup;
			children = (
				6E438C28288A8B12006A6928 /* Base */,
			);
			name = Main.storyboard;
			sourceTree = "<group>";
		};
		6E438C2F288A8B19006A6928 /* LaunchScreen.storyboard */ = {
			isa = PBXVariantGroup;
			children = (
				6E438C30288A8B19006A6928 /* Base */,
			);
			name = LaunchScreen.storyboard;
			sourceTree = "<group>";
		};
/* End PBXVariantGroup section */

/* Begin XCBuildConfiguration section */
		6E438C49288A8B1A006A6928 /* Debug */ = {
			isa = XCBuildConfiguration;
			buildSettings = {
				ALWAYS_SEARCH_USER_PATHS = NO;
				CLANG_ANALYZER_NONNULL = YES;
				CLANG_ANALYZER_NUMBER_OBJECT_CONVERSION = YES_AGGRESSIVE;
				CLANG_CXX_LANGUAGE_STANDARD = "gnu++17";
				CLANG_CXX_LIBRARY = "libc++";
				CLANG_ENABLE_MODULES = YES;
				CLANG_ENABLE_OBJC_ARC = YES;
				CLANG_ENABLE_OBJC_WEAK = YES;
				CLANG_WARN_BLOCK_CAPTURE_AUTORELEASING = YES;
				CLANG_WARN_BOOL_CONVERSION = YES;
				CLANG_WARN_COMMA = YES;
				CLANG_WARN_CONSTANT_CONVERSION = YES;
				CLANG_WARN_DEPRECATED_OBJC_IMPLEMENTATIONS = YES;
				CLANG_WARN_DIRECT_OBJC_ISA_USAGE = YES_ERROR;
				CLANG_WARN_DOCUMENTATION_COMMENTS = YES;
				CLANG_WARN_EMPTY_BODY = YES;
				CLANG_WARN_ENUM_CONVERSION = YES;
				CLANG_WARN_INFINITE_RECURSION = YES;
				CLANG_WARN_INT_CONVERSION = YES;
				CLANG_WARN_NON_LITERAL_NULL_CONVERSION = YES;
				CLANG_WARN_OBJC_IMPLICIT_RETAIN_SELF = YES;
				CLANG_WARN_OBJC_LITERAL_CONVERSION = YES;
				CLANG_WARN_OBJC_ROOT_CLASS = YES_ERROR;
				CLANG_WARN_QUOTED_INCLUDE_IN_FRAMEWORK_HEADER = YES;
				CLANG_WARN_RANGE_LOOP_ANALYSIS = YES;
				CLANG_WARN_STRICT_PROTOTYPES = YES;
				CLANG_WARN_SUSPICIOUS_MOVE = YES;
				CLANG_WARN_UNGUARDED_AVAILABILITY = YES_AGGRESSIVE;
				CLANG_WARN_UNREACHABLE_CODE = YES;
				CLANG_WARN__DUPLICATE_METHOD_MATCH = YES;
				COPY_PHASE_STRIP = NO;
				DEBUG_INFORMATION_FORMAT = dwarf;
				ENABLE_STRICT_OBJC_MSGSEND = YES;
				ENABLE_TESTABILITY = YES;
				GCC_C_LANGUAGE_STANDARD = gnu11;
				GCC_DYNAMIC_NO_PIC = NO;
				GCC_NO_COMMON_BLOCKS = YES;
				GCC_OPTIMIZATION_LEVEL = 0;
				GCC_PREPROCESSOR_DEFINITIONS = (
					"DEBUG=1",
					"$(inherited)",
				);
				GCC_WARN_64_TO_32_BIT_CONVERSION = YES;
				GCC_WARN_ABOUT_RETURN_TYPE = YES_ERROR;
				GCC_WARN_UNDECLARED_SELECTOR = YES;
				GCC_WARN_UNINITIALIZED_AUTOS = YES_AGGRESSIVE;
				GCC_WARN_UNUSED_FUNCTION = YES;
				GCC_WARN_UNUSED_VARIABLE = YES;
				IPHONEOS_DEPLOYMENT_TARGET = 15.2;
				MTL_ENABLE_DEBUG_INFO = INCLUDE_SOURCE;
				MTL_FAST_MATH = YES;
				ONLY_ACTIVE_ARCH = YES;
				SDKROOT = iphoneos;
				SWIFT_ACTIVE_COMPILATION_CONDITIONS = DEBUG;
				SWIFT_OPTIMIZATION_LEVEL = "-Onone";
			};
			name = Debug;
		};
		6E438C4A288A8B1A006A6928 /* Release */ = {
			isa = XCBuildConfiguration;
			buildSettings = {
				ALWAYS_SEARCH_USER_PATHS = NO;
				CLANG_ANALYZER_NONNULL = YES;
				CLANG_ANALYZER_NUMBER_OBJECT_CONVERSION = YES_AGGRESSIVE;
				CLANG_CXX_LANGUAGE_STANDARD = "gnu++17";
				CLANG_CXX_LIBRARY = "libc++";
				CLANG_ENABLE_MODULES = YES;
				CLANG_ENABLE_OBJC_ARC = YES;
				CLANG_ENABLE_OBJC_WEAK = YES;
				CLANG_WARN_BLOCK_CAPTURE_AUTORELEASING = YES;
				CLANG_WARN_BOOL_CONVERSION = YES;
				CLANG_WARN_COMMA = YES;
				CLANG_WARN_CONSTANT_CONVERSION = YES;
				CLANG_WARN_DEPRECATED_OBJC_IMPLEMENTATIONS = YES;
				CLANG_WARN_DIRECT_OBJC_ISA_USAGE = YES_ERROR;
				CLANG_WARN_DOCUMENTATION_COMMENTS = YES;
				CLANG_WARN_EMPTY_BODY = YES;
				CLANG_WARN_ENUM_CONVERSION = YES;
				CLANG_WARN_INFINITE_RECURSION = YES;
				CLANG_WARN_INT_CONVERSION = YES;
				CLANG_WARN_NON_LITERAL_NULL_CONVERSION = YES;
				CLANG_WARN_OBJC_IMPLICIT_RETAIN_SELF = YES;
				CLANG_WARN_OBJC_LITERAL_CONVERSION = YES;
				CLANG_WARN_OBJC_ROOT_CLASS = YES_ERROR;
				CLANG_WARN_QUOTED_INCLUDE_IN_FRAMEWORK_HEADER = YES;
				CLANG_WARN_RANGE_LOOP_ANALYSIS = YES;
				CLANG_WARN_STRICT_PROTOTYPES = YES;
				CLANG_WARN_SUSPICIOUS_MOVE = YES;
				CLANG_WARN_UNGUARDED_AVAILABILITY = YES_AGGRESSIVE;
				CLANG_WARN_UNREACHABLE_CODE = YES;
				CLANG_WARN__DUPLICATE_METHOD_MATCH = YES;
				COPY_PHASE_STRIP = NO;
				DEBUG_INFORMATION_FORMAT = "dwarf-with-dsym";
				ENABLE_NS_ASSERTIONS = NO;
				ENABLE_STRICT_OBJC_MSGSEND = YES;
				GCC_C_LANGUAGE_STANDARD = gnu11;
				GCC_NO_COMMON_BLOCKS = YES;
				GCC_WARN_64_TO_32_BIT_CONVERSION = YES;
				GCC_WARN_ABOUT_RETURN_TYPE = YES_ERROR;
				GCC_WARN_UNDECLARED_SELECTOR = YES;
				GCC_WARN_UNINITIALIZED_AUTOS = YES_AGGRESSIVE;
				GCC_WARN_UNUSED_FUNCTION = YES;
				GCC_WARN_UNUSED_VARIABLE = YES;
				IPHONEOS_DEPLOYMENT_TARGET = 15.2;
				MTL_ENABLE_DEBUG_INFO = NO;
				MTL_FAST_MATH = YES;
				SDKROOT = iphoneos;
				SWIFT_COMPILATION_MODE = wholemodule;
				SWIFT_OPTIMIZATION_LEVEL = "-O";
				VALIDATE_PRODUCT = YES;
			};
			name = Release;
		};
		6E438C4C288A8B1A006A6928 /* Debug */ = {
			isa = XCBuildConfiguration;
			buildSettings = {
				ASSETCATALOG_COMPILER_APPICON_NAME = AppIcon;
				ASSETCATALOG_COMPILER_GLOBAL_ACCENT_COLOR_NAME = AccentColor;
				CODE_SIGN_STYLE = Automatic;
				CURRENT_PROJECT_VERSION = 1;
				DEVELOPMENT_TEAM = JVYMG733L2;
				GENERATE_INFOPLIST_FILE = YES;
				INFOPLIST_FILE = lloydweatherapp/Info.plist;
				INFOPLIST_KEY_UIApplicationSupportsIndirectInputEvents = YES;
				INFOPLIST_KEY_UILaunchStoryboardName = LaunchScreen;
				INFOPLIST_KEY_UIMainStoryboardFile = Main;
				INFOPLIST_KEY_UISupportedInterfaceOrientations_iPad = "UIInterfaceOrientationPortrait UIInterfaceOrientationPortraitUpsideDown UIInterfaceOrientationLandscapeLeft UIInterfaceOrientationLandscapeRight";
				INFOPLIST_KEY_UISupportedInterfaceOrientations_iPhone = "UIInterfaceOrientationPortrait UIInterfaceOrientationLandscapeLeft UIInterfaceOrientationLandscapeRight";
				LD_RUNPATH_SEARCH_PATHS = (
					"$(inherited)",
					"@executable_path/Frameworks",
				);
				MARKETING_VERSION = 1.0;
				PRODUCT_BUNDLE_IDENTIFIER = com.lloyd.lloydweatherapp;
				PRODUCT_NAME = "$(TARGET_NAME)";
				SWIFT_EMIT_LOC_STRINGS = YES;
				SWIFT_VERSION = 5.0;
				TARGETED_DEVICE_FAMILY = 1;
			};
			name = Debug;
		};
		6E438C4D288A8B1A006A6928 /* Release */ = {
			isa = XCBuildConfiguration;
			buildSettings = {
				ASSETCATALOG_COMPILER_APPICON_NAME = AppIcon;
				ASSETCATALOG_COMPILER_GLOBAL_ACCENT_COLOR_NAME = AccentColor;
				CODE_SIGN_STYLE = Automatic;
				CURRENT_PROJECT_VERSION = 1;
				DEVELOPMENT_TEAM = JVYMG733L2;
				GENERATE_INFOPLIST_FILE = YES;
				INFOPLIST_FILE = lloydweatherapp/Info.plist;
				INFOPLIST_KEY_UIApplicationSupportsIndirectInputEvents = YES;
				INFOPLIST_KEY_UILaunchStoryboardName = LaunchScreen;
				INFOPLIST_KEY_UIMainStoryboardFile = Main;
				INFOPLIST_KEY_UISupportedInterfaceOrientations_iPad = "UIInterfaceOrientationPortrait UIInterfaceOrientationPortraitUpsideDown UIInterfaceOrientationLandscapeLeft UIInterfaceOrientationLandscapeRight";
				INFOPLIST_KEY_UISupportedInterfaceOrientations_iPhone = "UIInterfaceOrientationPortrait UIInterfaceOrientationLandscapeLeft UIInterfaceOrientationLandscapeRight";
				LD_RUNPATH_SEARCH_PATHS = (
					"$(inherited)",
					"@executable_path/Frameworks",
				);
				MARKETING_VERSION = 1.0;
				PRODUCT_BUNDLE_IDENTIFIER = com.lloyd.lloydweatherapp;
				PRODUCT_NAME = "$(TARGET_NAME)";
				SWIFT_EMIT_LOC_STRINGS = YES;
				SWIFT_VERSION = 5.0;
				TARGETED_DEVICE_FAMILY = 1;
			};
			name = Release;
		};
		6E438C4F288A8B1A006A6928 /* Debug */ = {
			isa = XCBuildConfiguration;
			buildSettings = {
				ALWAYS_EMBED_SWIFT_STANDARD_LIBRARIES = YES;
				BUNDLE_LOADER = "$(TEST_HOST)";
				CODE_SIGN_STYLE = Automatic;
				CURRENT_PROJECT_VERSION = 1;
				GENERATE_INFOPLIST_FILE = YES;
				IPHONEOS_DEPLOYMENT_TARGET = 15.2;
				MARKETING_VERSION = 1.0;
				PRODUCT_BUNDLE_IDENTIFIER = com.lloyd.lloydweatherappTests;
				PRODUCT_NAME = "$(TARGET_NAME)";
				SWIFT_EMIT_LOC_STRINGS = NO;
				SWIFT_VERSION = 5.0;
				TARGETED_DEVICE_FAMILY = "1,2";
				TEST_HOST = "$(BUILT_PRODUCTS_DIR)/lloydweatherapp.app/lloydweatherapp";
			};
			name = Debug;
		};
		6E438C50288A8B1A006A6928 /* Release */ = {
			isa = XCBuildConfiguration;
			buildSettings = {
				ALWAYS_EMBED_SWIFT_STANDARD_LIBRARIES = YES;
				BUNDLE_LOADER = "$(TEST_HOST)";
				CODE_SIGN_STYLE = Automatic;
				CURRENT_PROJECT_VERSION = 1;
				GENERATE_INFOPLIST_FILE = YES;
				IPHONEOS_DEPLOYMENT_TARGET = 15.2;
				MARKETING_VERSION = 1.0;
				PRODUCT_BUNDLE_IDENTIFIER = com.lloyd.lloydweatherappTests;
				PRODUCT_NAME = "$(TARGET_NAME)";
				SWIFT_EMIT_LOC_STRINGS = NO;
				SWIFT_VERSION = 5.0;
				TARGETED_DEVICE_FAMILY = "1,2";
				TEST_HOST = "$(BUILT_PRODUCTS_DIR)/lloydweatherapp.app/lloydweatherapp";
			};
			name = Release;
		};
		6E438C52288A8B1A006A6928 /* Debug */ = {
			isa = XCBuildConfiguration;
			buildSettings = {
				ALWAYS_EMBED_SWIFT_STANDARD_LIBRARIES = YES;
				CODE_SIGN_STYLE = Automatic;
				CURRENT_PROJECT_VERSION = 1;
				GENERATE_INFOPLIST_FILE = YES;
				MARKETING_VERSION = 1.0;
				PRODUCT_BUNDLE_IDENTIFIER = com.lloyd.lloydweatherappUITests;
				PRODUCT_NAME = "$(TARGET_NAME)";
				SWIFT_EMIT_LOC_STRINGS = NO;
				SWIFT_VERSION = 5.0;
				TARGETED_DEVICE_FAMILY = "1,2";
				TEST_TARGET_NAME = lloydweatherapp;
			};
			name = Debug;
		};
		6E438C53288A8B1A006A6928 /* Release */ = {
			isa = XCBuildConfiguration;
			buildSettings = {
				ALWAYS_EMBED_SWIFT_STANDARD_LIBRARIES = YES;
				CODE_SIGN_STYLE = Automatic;
				CURRENT_PROJECT_VERSION = 1;
				GENERATE_INFOPLIST_FILE = YES;
				MARKETING_VERSION = 1.0;
				PRODUCT_BUNDLE_IDENTIFIER = com.lloyd.lloydweatherappUITests;
				PRODUCT_NAME = "$(TARGET_NAME)";
				SWIFT_EMIT_LOC_STRINGS = NO;
				SWIFT_VERSION = 5.0;
				TARGETED_DEVICE_FAMILY = "1,2";
				TEST_TARGET_NAME = lloydweatherapp;
			};
			name = Release;
		};
/* End XCBuildConfiguration section */

/* Begin XCConfigurationList section */
		6E438C19288A8B11006A6928 /* Build configuration list for PBXProject "lloydweatherapp" */ = {
			isa = XCConfigurationList;
			buildConfigurations = (
				6E438C49288A8B1A006A6928 /* Debug */,
				6E438C4A288A8B1A006A6928 /* Release */,
			);
			defaultConfigurationIsVisible = 0;
			defaultConfigurationName = Release;
		};
		6E438C4B288A8B1A006A6928 /* Build configuration list for PBXNativeTarget "lloydweatherapp" */ = {
			isa = XCConfigurationList;
			buildConfigurations = (
				6E438C4C288A8B1A006A6928 /* Debug */,
				6E438C4D288A8B1A006A6928 /* Release */,
			);
			defaultConfigurationIsVisible = 0;
			defaultConfigurationName = Release;
		};
		6E438C4E288A8B1A006A6928 /* Build configuration list for PBXNativeTarget "lloydweatherappTests" */ = {
			isa = XCConfigurationList;
			buildConfigurations = (
				6E438C4F288A8B1A006A6928 /* Debug */,
				6E438C50288A8B1A006A6928 /* Release */,
			);
			defaultConfigurationIsVisible = 0;
			defaultConfigurationName = Release;
		};
		6E438C51288A8B1A006A6928 /* Build configuration list for PBXNativeTarget "lloydweatherappUITests" */ = {
			isa = XCConfigurationList;
			buildConfigurations = (
				6E438C52288A8B1A006A6928 /* Debug */,
				6E438C53288A8B1A006A6928 /* Release */,
			);
			defaultConfigurationIsVisible = 0;
			defaultConfigurationName = Release;
		};
/* End XCConfigurationList section */

/* Begin XCVersionGroup section */
		6E438C2A288A8B12006A6928 /* lloydweatherapp.xcdatamodeld */ = {
			isa = XCVersionGroup;
			children = (
				6E438C2B288A8B12006A6928 /* lloydweatherapp.xcdatamodel */,
			);
			currentVersion = 6E438C2B288A8B12006A6928 /* lloydweatherapp.xcdatamodel */;
			path = lloydweatherapp.xcdatamodeld;
			sourceTree = "<group>";
			versionGroupType = wrapper.xcdatamodel;
		};
/* End XCVersionGroup section */
	};
	rootObject = 6E438C16288A8B11006A6928 /* Project object */;
}
